
Microsoft Visual Studio Solution File, Format Version 12.00
# Visual Studio Version 17
VisualStudioVersion = 17.13.35828.75 d17.13
MinimumVisualStudioVersion = 10.0.40219.1
Project("{FAE04EC0-301F-11D3-BF4B-00C04F79EFBC}") = "BookStore.API", "BookStore.API.csproj", "{53190348-D2B7-473C-B165-2F7D0DFDE537}"
EndProject
Global
	GlobalSection(SolutionConfigurationPlatforms) = preSolution
		Debug|Any CPU = Debug|Any CPU
		Release|Any CPU = Release|Any CPU
	EndGlobalSection
	GlobalSection(ProjectConfigurationPlatforms) = postSolution
		{53190348-D2B7-473C-B165-2F7D0DFDE537}.Debug|Any CPU.ActiveCfg = Debug|Any CPU
		{53190348-D2B7-473C-B165-2F7D0DFDE537}.Debug|Any CPU.Build.0 = Debug|Any CPU
		{53190348-D2B7-473C-B165-2F7D0DFDE537}.Release|Any CPU.ActiveCfg = Release|Any CPU
		{53190348-D2B7-473C-B165-2F7D0DFDE537}.Release|Any CPU.Build.0 = Release|Any CPU
	EndGlobalSection
	GlobalSection(SolutionProperties) = preSolution
		HideSolutionNode = FALSE
	EndGlobalSection
	GlobalSection(ExtensibilityGlobals) = postSolution
		SolutionGuid = {60AFB658-F7D7-48AA-9A37-BD51CE4A2769}
	EndGlobalSection
EndGlobal
